
Microsoft Visual Studio Solution File, Format Version 12.00
# Visual Studio Version 17
VisualStudioVersion = 17.1.32210.238
MinimumVisualStudioVersion = 10.0.40219.1
Project("{FAE04EC0-301F-11D3-BF4B-00C04F79EFBC}") = "Domain", "ObligatorioFernandezMorandi\Domain.csproj", "{54BD89D7-4464-4351-86C0-6967F6D637A2}"
EndProject
Project("{FAE04EC0-301F-11D3-BF4B-00C04F79EFBC}") = "Tests", "Tests\Tests.csproj", "{6A394FDE-FA6C-4345-874E-8F83F3C72F7D}"
EndProject
Project("{FAE04EC0-301F-11D3-BF4B-00C04F79EFBC}") = "UI", "UI\UI.csproj", "{3081A28F-6416-4FEA-B2B9-A39C45B5BBF1}"
EndProject
Project("{FAE04EC0-301F-11D3-BF4B-00C04F79EFBC}") = "Services", "Services\Services.csproj", "{614193D1-6CD9-4979-84CA-EBB7BB163A72}"
EndProject
Project("{FAE04EC0-301F-11D3-BF4B-00C04F79EFBC}") = "DataAccess", "DataAccess\DataAccess.csproj", "{ECB266E6-CC2C-40D3-8899-EF83F59F5D95}"
EndProject
Global
	GlobalSection(SolutionConfigurationPlatforms) = preSolution
		Debug|Any CPU = Debug|Any CPU
		Release|Any CPU = Release|Any CPU
	EndGlobalSection
	GlobalSection(ProjectConfigurationPlatforms) = postSolution
		{54BD89D7-4464-4351-86C0-6967F6D637A2}.Debug|Any CPU.ActiveCfg = Debug|Any CPU
		{54BD89D7-4464-4351-86C0-6967F6D637A2}.Debug|Any CPU.Build.0 = Debug|Any CPU
		{54BD89D7-4464-4351-86C0-6967F6D637A2}.Release|Any CPU.ActiveCfg = Release|Any CPU
		{54BD89D7-4464-4351-86C0-6967F6D637A2}.Release|Any CPU.Build.0 = Release|Any CPU
		{6A394FDE-FA6C-4345-874E-8F83F3C72F7D}.Debug|Any CPU.ActiveCfg = Debug|Any CPU
		{6A394FDE-FA6C-4345-874E-8F83F3C72F7D}.Debug|Any CPU.Build.0 = Debug|Any CPU
		{6A394FDE-FA6C-4345-874E-8F83F3C72F7D}.Release|Any CPU.ActiveCfg = Release|Any CPU
		{6A394FDE-FA6C-4345-874E-8F83F3C72F7D}.Release|Any CPU.Build.0 = Release|Any CPU
		{3081A28F-6416-4FEA-B2B9-A39C45B5BBF1}.Debug|Any CPU.ActiveCfg = Debug|Any CPU
		{3081A28F-6416-4FEA-B2B9-A39C45B5BBF1}.Debug|Any CPU.Build.0 = Debug|Any CPU
		{3081A28F-6416-4FEA-B2B9-A39C45B5BBF1}.Release|Any CPU.ActiveCfg = Release|Any CPU
		{3081A28F-6416-4FEA-B2B9-A39C45B5BBF1}.Release|Any CPU.Build.0 = Release|Any CPU
		{614193D1-6CD9-4979-84CA-EBB7BB163A72}.Debug|Any CPU.ActiveCfg = Debug|Any CPU
		{614193D1-6CD9-4979-84CA-EBB7BB163A72}.Debug|Any CPU.Build.0 = Debug|Any CPU
		{614193D1-6CD9-4979-84CA-EBB7BB163A72}.Release|Any CPU.ActiveCfg = Release|Any CPU
		{614193D1-6CD9-4979-84CA-EBB7BB163A72}.Release|Any CPU.Build.0 = Release|Any CPU
		{ECB266E6-CC2C-40D3-8899-EF83F59F5D95}.Debug|Any CPU.ActiveCfg = Debug|Any CPU
		{ECB266E6-CC2C-40D3-8899-EF83F59F5D95}.Debug|Any CPU.Build.0 = Debug|Any CPU
		{ECB266E6-CC2C-40D3-8899-EF83F59F5D95}.Release|Any CPU.ActiveCfg = Release|Any CPU
		{ECB266E6-CC2C-40D3-8899-EF83F59F5D95}.Release|Any CPU.Build.0 = Release|Any CPU
	EndGlobalSection
	GlobalSection(SolutionProperties) = preSolution
		HideSolutionNode = FALSE
	EndGlobalSection
	GlobalSection(ExtensibilityGlobals) = postSolution
		SolutionGuid = {18702881-BDE3-4226-BEDC-6FFE6D72650F}
	EndGlobalSection
EndGlobal
